<Solution>
  <Configurations>
    <Platform Name="Any CPU" />
    <Platform Name="x64" />
    <Platform Name="x86" />
  </Configurations>
  <Folder Name="/Docs/">
    <Project Path="src/CrestApps.OrchardCore.Documentations/CrestApps.OrchardCore.Documentations.csproj" />
  </Folder>
  <Folder Name="/Framework/" />
  <Folder Name="/Framework/Abstractions/">
    <Project Path="src/Framework/Abstractions/CrestApps.Core.Abstractions/CrestApps.Core.Abstractions.csproj" />
    <Project Path="src/Framework/Abstractions/CrestApps.Core.AI.Abstractions/CrestApps.Core.AI.Abstractions.csproj" />
    <Project Path="src/Framework/Abstractions/CrestApps.Core.Infrastructure.Abstractions/CrestApps.Core.Infrastructure.Abstractions.csproj" />
  </Folder>
  <Folder Name="/Framework/Primitives/">
    <Project Path="src/Framework/Primitives/CrestApps.Core.AI.A2A/CrestApps.Core.AI.A2A.csproj" />
    <Project Path="src/Framework/Primitives/CrestApps.Core.AI.AzureAIInference/CrestApps.Core.AI.AzureAIInference.csproj" />
    <Project Path="src/Framework/Primitives/CrestApps.Core.AI.Chat/CrestApps.Core.AI.Chat.csproj" />
    <Project Path="src/Framework/Primitives/CrestApps.Core.AI.Copilot/CrestApps.Core.AI.Copilot.csproj" />
    <Project Path="src/Framework/Primitives/CrestApps.Core.AI.Ftp/CrestApps.Core.AI.Ftp.csproj" />
    <Project Path="src/Framework/Primitives/CrestApps.Core.AI.Markdown/CrestApps.Core.AI.Markdown.csproj" />
    <Project Path="src/Framework/Primitives/CrestApps.Core.AI.Mcp/CrestApps.Core.AI.Mcp.csproj" />
    <Project Path="src/Framework/Primitives/CrestApps.Core.AI.Ollama/CrestApps.Core.AI.Ollama.csproj" />
    <Project Path="src/Framework/Primitives/CrestApps.Core.AI.OpenAI.Azure/CrestApps.Core.AI.OpenAI.Azure.csproj" />
    <Project Path="src/Framework/Primitives/CrestApps.Core.AI.OpenAI/CrestApps.Core.AI.OpenAI.csproj" />
    <Project Path="src/Framework/Primitives/CrestApps.Core.AI.OpenXml/CrestApps.Core.AI.OpenXml.csproj" />
    <Project Path="src/Framework/Primitives/CrestApps.Core.AI.Pdf/CrestApps.Core.AI.Pdf.csproj" />
    <Project Path="src/Framework/Primitives/CrestApps.Core.AI.Sftp/CrestApps.Core.AI.Sftp.csproj" />
    <Project Path="src/Framework/Primitives/CrestApps.Core.AI/CrestApps.Core.AI.csproj" />
    <Project Path="src/Framework/Primitives/CrestApps.Core.Azure.AISearch/CrestApps.Core.Azure.AISearch.csproj" />
    <Project Path="src/Framework/Primitives/CrestApps.Core.Azure/CrestApps.Core.Azure.csproj" />
    <Project Path="src/Framework/Primitives/CrestApps.Core.Elasticsearch/CrestApps.Core.Elasticsearch.csproj" />
    <Project Path="src/Framework/Primitives/CrestApps.Core.Infrastructure/CrestApps.Core.Infrastructure.csproj" />
    <Project Path="src/Framework/Primitives/CrestApps.Core.SignalR/CrestApps.Core.SignalR.csproj" />
    <Project Path="src/Framework/Primitives/CrestApps.Core.Templates/CrestApps.Core.Templates.csproj" />
    <Project Path="src/Framework/Primitives/CrestApps.Core/CrestApps.Core.csproj" />
  </Folder>
  <Folder Name="/Framework/Stores/">
    <Project Path="src/Framework/Stores/CrestApps.Core.Data.YesSql/CrestApps.Core.Data.YesSql.csproj" />
  </Folder>
  <Folder Name="/Framework/Utilities/">
    <Project Path="src/Framework/Utilities/CrestApps.Core.Support/CrestApps.Core.Support.csproj" />
  </Folder>
  <Folder Name="/OrchardCore/" />
  <Folder Name="/OrchardCore/Abstractions/">
    <Project Path="src/OrchardCore/Abstractions/CrestApps.OrchardCore.Abstractions/CrestApps.OrchardCore.Abstractions.csproj" />
    <Project Path="src/OrchardCore/Abstractions/CrestApps.OrchardCore.Users.Abstractions/CrestApps.OrchardCore.Users.Abstractions.csproj" />
  </Folder>
  <Folder Name="/OrchardCore/Core/">
    <Project Path="src/OrchardCore/Core/CrestApps.OrchardCore.AI.Chat.Core/CrestApps.OrchardCore.AI.Chat.Core.csproj" />
    <Project Path="src/OrchardCore/Core/CrestApps.OrchardCore.AI.Chat.Interactions.Core/CrestApps.OrchardCore.AI.Chat.Interactions.Core.csproj" />
    <Project Path="src/OrchardCore/Core/CrestApps.OrchardCore.AI.Core/CrestApps.OrchardCore.AI.Core.csproj" />
    <Project Path="src/OrchardCore/Core/CrestApps.OrchardCore.AI.Mcp.Core/CrestApps.OrchardCore.AI.Mcp.Core.csproj" />
    <Project Path="src/OrchardCore/Core/CrestApps.OrchardCore.Core/CrestApps.OrchardCore.Core.csproj" />
    <Project Path="src/OrchardCore/Core/CrestApps.OrchardCore.Omnichannel.Core/CrestApps.OrchardCore.Omnichannel.Core.csproj" />
    <Project Path="src/OrchardCore/Core/CrestApps.OrchardCore.OpenAI.Azure.Core/CrestApps.OrchardCore.OpenAI.Azure.Core.csproj" />
    <Project Path="src/OrchardCore/Core/CrestApps.OrchardCore.OpenAI.Core/CrestApps.OrchardCore.OpenAI.Core.csproj" />
    <Project Path="src/OrchardCore/Core/CrestApps.OrchardCore.Recipes.Core/CrestApps.OrchardCore.Recipes.Core.csproj" />
    <Project Path="src/OrchardCore/Core/CrestApps.OrchardCore.Roles.Core/CrestApps.OrchardCore.Roles.Core.csproj" />
    <Project Path="src/OrchardCore/Core/CrestApps.OrchardCore.Users.Core/CrestApps.OrchardCore.Users.Core.csproj" />
    <Project Path="src/OrchardCore/Core/CrestApps.OrchardCore.YesSql.Core/CrestApps.OrchardCore.YesSql.Core.csproj" />
  </Folder>
  <Folder Name="/OrchardCore/Modules/">
    <Project Path="src/OrchardCore/Modules/CrestApps.OrchardCore.AI.A2A/CrestApps.OrchardCore.AI.A2A.csproj" />
    <Project Path="src/OrchardCore/Modules/CrestApps.OrchardCore.AI.Agent/CrestApps.OrchardCore.AI.Agent.csproj" />
    <Project Path="src/OrchardCore/Modules/CrestApps.OrchardCore.AI.Chat.Copilot/CrestApps.OrchardCore.AI.Chat.Copilot.csproj" />
    <Project Path="src/OrchardCore/Modules/CrestApps.OrchardCore.AI.Chat.Interactions/CrestApps.OrchardCore.AI.Chat.Interactions.csproj" />
    <Project Path="src/OrchardCore/Modules/CrestApps.OrchardCore.AI.Chat/CrestApps.OrchardCore.AI.Chat.csproj" />
    <Project Path="src/OrchardCore/Modules/CrestApps.OrchardCore.AI.DataSources.AzureAI/CrestApps.OrchardCore.AI.DataSources.AzureAI.csproj" />
    <Project Path="src/OrchardCore/Modules/CrestApps.OrchardCore.AI.DataSources.Elasticsearch/CrestApps.OrchardCore.AI.DataSources.Elasticsearch.csproj" />
    <Project Path="src/OrchardCore/Modules/CrestApps.OrchardCore.AI.DataSources/CrestApps.OrchardCore.AI.DataSources.csproj" />
    <Project Path="src/OrchardCore/Modules/CrestApps.OrchardCore.AI.Documents.AzureAI/CrestApps.OrchardCore.AI.Documents.AzureAI.csproj" />
    <Project Path="src/OrchardCore/Modules/CrestApps.OrchardCore.AI.Documents.Elasticsearch/CrestApps.OrchardCore.AI.Documents.Elasticsearch.csproj" />
    <Project Path="src/OrchardCore/Modules/CrestApps.OrchardCore.AI.Documents.OpenXml/CrestApps.OrchardCore.AI.Documents.OpenXml.csproj" />
    <Project Path="src/OrchardCore/Modules/CrestApps.OrchardCore.AI.Documents.Pdf/CrestApps.OrchardCore.AI.Documents.Pdf.csproj" />
    <Project Path="src/OrchardCore/Modules/CrestApps.OrchardCore.AI.Documents/CrestApps.OrchardCore.AI.Documents.csproj" />
    <Project Path="src/OrchardCore/Modules/CrestApps.OrchardCore.AI.Mcp.Resources.Ftp/CrestApps.OrchardCore.AI.Mcp.Resources.Ftp.csproj" />
    <Project Path="src/OrchardCore/Modules/CrestApps.OrchardCore.AI.Mcp.Resources.Sftp/CrestApps.OrchardCore.AI.Mcp.Resources.Sftp.csproj" />
    <Project Path="src/OrchardCore/Modules/CrestApps.OrchardCore.AI.Mcp/CrestApps.OrchardCore.AI.Mcp.csproj" />
    <Project Path="src/OrchardCore/Modules/CrestApps.OrchardCore.AI.Memory.AzureAI/CrestApps.OrchardCore.AI.Memory.AzureAI.csproj" />
    <Project Path="src/OrchardCore/Modules/CrestApps.OrchardCore.AI.Memory.Elasticsearch/CrestApps.OrchardCore.AI.Memory.Elasticsearch.csproj" />
    <Project Path="src/OrchardCore/Modules/CrestApps.OrchardCore.AI.Memory/CrestApps.OrchardCore.AI.Memory.csproj" />
    <Project Path="src/OrchardCore/Modules/CrestApps.OrchardCore.AI.Prompting/CrestApps.OrchardCore.AI.Prompting.csproj" />
    <Project Path="src/OrchardCore/Modules/CrestApps.OrchardCore.AI/CrestApps.OrchardCore.AI.csproj" />
    <Project Path="src/OrchardCore/Modules/CrestApps.OrchardCore.AzureAIInference/CrestApps.OrchardCore.AzureAIInference.csproj" />
    <Project Path="src/OrchardCore/Modules/CrestApps.OrchardCore.ContentAccessControl/CrestApps.OrchardCore.ContentAccessControl.csproj" />
    <Project Path="src/OrchardCore/Modules/CrestApps.OrchardCore.Ollama/CrestApps.OrchardCore.Ollama.csproj" />
    <Project Path="src/OrchardCore/Modules/CrestApps.OrchardCore.Omnichannel.EventGrid/CrestApps.OrchardCore.Omnichannel.EventGrid.csproj" />
    <Project Path="src/OrchardCore/Modules/CrestApps.OrchardCore.Omnichannel.Managements/CrestApps.OrchardCore.Omnichannel.Managements.csproj" />
    <Project Path="src/OrchardCore/Modules/CrestApps.OrchardCore.Omnichannel.Sms/CrestApps.OrchardCore.Omnichannel.Sms.csproj" />
    <Project Path="src/OrchardCore/Modules/CrestApps.OrchardCore.Omnichannel/CrestApps.OrchardCore.Omnichannel.csproj" />
    <Project Path="src/OrchardCore/Modules/CrestApps.OrchardCore.OpenAI.Azure/CrestApps.OrchardCore.OpenAI.Azure.csproj" />
    <Project Path="src/OrchardCore/Modules/CrestApps.OrchardCore.OpenAI/CrestApps.OrchardCore.OpenAI.csproj" />
    <Project Path="src/OrchardCore/Modules/CrestApps.OrchardCore.Recipes/CrestApps.OrchardCore.Recipes.csproj" />
    <Project Path="src/OrchardCore/Modules/CrestApps.OrchardCore.Resources/CrestApps.OrchardCore.Resources.csproj" />
    <Project Path="src/OrchardCore/Modules/CrestApps.OrchardCore.Roles/CrestApps.OrchardCore.Roles.csproj" />
    <Project Path="src/OrchardCore/Modules/CrestApps.OrchardCore.SignalR/CrestApps.OrchardCore.SignalR.csproj" />
    <Project Path="src/OrchardCore/Modules/CrestApps.OrchardCore.Users/CrestApps.OrchardCore.Users.csproj" />
  </Folder>
  <Folder Name="/OrchardCore/Targets/">
    <Project Path="src/OrchardCore/Targets/CrestApps.OrchardCore.Cms.Core.Targets/CrestApps.OrchardCore.Cms.Core.Targets.csproj" />
  </Folder>
  <Folder Name="/Startup/">
    <Project Path="src/Startup/CrestApps.Core.Aspire.AppHost/CrestApps.Core.Aspire.AppHost.csproj" />
    <Project Path="src/Startup/CrestApps.Core.Mvc.Samples.A2AClient/CrestApps.Core.Mvc.Samples.A2AClient.csproj" />
    <Project Path="src/Startup/CrestApps.Core.Mvc.Samples.McpClient/CrestApps.Core.Mvc.Samples.McpClient.csproj" />
    <Project Path="src/Startup/CrestApps.Core.Mvc.Web/CrestApps.Core.Mvc.Web.csproj" />
    <Project Path="src/Startup/CrestApps.OrchardCore.Cms.Web/CrestApps.OrchardCore.Cms.Web.csproj" />
    <Project Path="src/Startup/CrestApps.OrchardCore.Samples.A2AClient/CrestApps.OrchardCore.Samples.A2AClient.csproj" />
    <Project Path="src/Startup/CrestApps.OrchardCore.Samples.McpClient/CrestApps.OrchardCore.Samples.McpClient.csproj" />
  </Folder>
  <Folder Name="/Tests/">
    <Project Path="tests/CrestApps.Core.Tests/CrestApps.Core.Tests.csproj" />
    <Project Path="tests/CrestApps.OrchardCore.Benchmarks/CrestApps.OrchardCore.Benchmarks.csproj" />
    <Project Path="tests/CrestApps.OrchardCore.Tests/CrestApps.OrchardCore.Tests.csproj" />
  </Folder>
</Solution>
