
Microsoft Visual Studio Solution File, Format Version 12.00
# Visual Studio Version 17
VisualStudioVersion = 17.9.34728.123
MinimumVisualStudioVersion = 10.0.40219.1
Project("{2150E333-8FDC-42A3-9474-1A3956D46DE8}") = "Core", "Core", "{EC2B9CAB-56C8-4421-ACA2-43C09B71DAB5}"
EndProject
Project("{2150E333-8FDC-42A3-9474-1A3956D46DE8}") = "Modules", "Modules", "{C8D22F16-3D2B-4053-B0D5-A1F5EA5A91C2}"
EndProject
Project("{2150E333-8FDC-42A3-9474-1A3956D46DE8}") = "Common", "Common", "{03CAC866-6125-4A34-B0F6-834A20F7C06B}"
EndProject
Project("{2150E333-8FDC-42A3-9474-1A3956D46DE8}") = "ProjectItems", "ProjectItems", "{E94D7009-1D71-46B8-A78F-88DA48F4FCB6}"
	ProjectSection(SolutionItems) = preProject
		Directory.Build.props = Directory.Build.props
		Directory.Packages.props = Directory.Packages.props
		gulpfile.js = gulpfile.js
		NuGet.config = NuGet.config
		package.json = package.json
		README.md = README.md
	EndProjectSection
EndProject
Project("{9A19103F-16F7-4668-BE54-9A1E7A4F7556}") = "CrestApps.OrchardCore.Users.Core", "src\Core\CrestApps.OrchardCore.Users.Core\CrestApps.OrchardCore.Users.Core.csproj", "{35268C3A-B5D3-4F40-BEF3-2920545352B4}"
EndProject
Project("{9A19103F-16F7-4668-BE54-9A1E7A4F7556}") = "CrestApps.Support", "src\Common\CrestApps.Support\CrestApps.Support.csproj", "{C6DA117A-A2D0-4638-B04B-A6A2A22074F0}"
EndProject
Project("{2150E333-8FDC-42A3-9474-1A3956D46DE8}") = "Startup", "Startup", "{447572DA-8B6F-49E6-84C9-28FFF3B71CF5}"
EndProject
Project("{9A19103F-16F7-4668-BE54-9A1E7A4F7556}") = "CrestApps.OrchardCore.Users", "src\Modules\CrestApps.OrchardCore.Users\CrestApps.OrchardCore.Users.csproj", "{BDAA2694-DDA5-44FE-A7CB-3B9BBE85FD1D}"
EndProject
Project("{2150E333-8FDC-42A3-9474-1A3956D46DE8}") = "Tests", "Tests", "{E1A83286-9EE7-4E59-BF2E-883101BAF88C}"
EndProject
Project("{9A19103F-16F7-4668-BE54-9A1E7A4F7556}") = "CrestApps.OrchardCore.Tests", "tests\CrestApps.OrchardCore.Tests\CrestApps.OrchardCore.Tests.csproj", "{329244F6-158D-4DA5-808F-FABDA3D995EC}"
EndProject
Project("{9A19103F-16F7-4668-BE54-9A1E7A4F7556}") = "CrestApps.OrchardCore.Cms.Web", "src\Startup\CrestApps.OrchardCore.Cms.Web\CrestApps.OrchardCore.Cms.Web.csproj", "{DD1D0B6E-2671-47C8-B763-FAEF0DA5DFFA}"
EndProject
Project("{2150E333-8FDC-42A3-9474-1A3956D46DE8}") = "Abstractions", "Abstractions", "{94189A7B-38B7-4331-B711-E5DCCEAFE737}"
EndProject
Project("{FAE04EC0-301F-11D3-BF4B-00C04F79EFBC}") = "CrestApps.OrchardCore.Abstractions", "src\Abstractions\CrestApps.OrchardCore.Abstractions\CrestApps.OrchardCore.Abstractions.csproj", "{9F0DAAAA-16BD-4CC2-A279-77387A7CFE41}"
EndProject
Project("{FAE04EC0-301F-11D3-BF4B-00C04F79EFBC}") = "CrestApps.OrchardCore.Users.Abstractions", "src\Abstractions\CrestApps.OrchardCore.Users.Abstractions\CrestApps.OrchardCore.Users.Abstractions.csproj", "{CA041266-536F-4F0D-997C-BF64C32470EE}"
EndProject
Project("{FAE04EC0-301F-11D3-BF4B-00C04F79EFBC}") = "CrestApps.OrchardCore.OpenAI.Azure.Core", "src\Core\CrestApps.OrchardCore.OpenAI.Azure.Core\CrestApps.OrchardCore.OpenAI.Azure.Core.csproj", "{11343335-78D8-4A0D-8132-8EAB70810741}"
EndProject
Project("{FAE04EC0-301F-11D3-BF4B-00C04F79EFBC}") = "CrestApps.OrchardCore.OpenAI.Core", "src\Core\CrestApps.OrchardCore.OpenAI.Core\CrestApps.OrchardCore.OpenAI.Core.csproj", "{A273AC38-86C8-4C84-9D2A-EBB11FCB2863}"
EndProject
Project("{FAE04EC0-301F-11D3-BF4B-00C04F79EFBC}") = "CrestApps.OrchardCore.OpenAI", "src\Modules\CrestApps.OrchardCore.OpenAI\CrestApps.OrchardCore.OpenAI.csproj", "{737B1434-403D-4FAE-A9BD-0B0022A0BB53}"
EndProject
Project("{FAE04EC0-301F-11D3-BF4B-00C04F79EFBC}") = "CrestApps.OrchardCore.Resources", "src\Modules\CrestApps.OrchardCore.Resources\CrestApps.OrchardCore.Resources.csproj", "{799E24E4-B82A-4EA5-958A-87BB8E7E888B}"
EndProject
Project("{FAE04EC0-301F-11D3-BF4B-00C04F79EFBC}") = "CrestApps.OrchardCore.AI.Abstractions", "src\Abstractions\CrestApps.OrchardCore.AI.Abstractions\CrestApps.OrchardCore.AI.Abstractions.csproj", "{BD101879-F6A0-42FB-BC6F-4BFD8BC1D936}"
EndProject
Project("{FAE04EC0-301F-11D3-BF4B-00C04F79EFBC}") = "CrestApps.OrchardCore.AI.Core", "src\Core\CrestApps.OrchardCore.AI.Core\CrestApps.OrchardCore.AI.Core.csproj", "{5B3716C0-372B-4795-8961-B953667647BD}"
EndProject
Project("{FAE04EC0-301F-11D3-BF4B-00C04F79EFBC}") = "CrestApps.OrchardCore.AI", "src\Modules\CrestApps.OrchardCore.AI\CrestApps.OrchardCore.AI.csproj", "{676961EB-5AEC-412A-8993-A8F36D63E1C6}"
EndProject
Project("{FAE04EC0-301F-11D3-BF4B-00C04F79EFBC}") = "CrestApps.OrchardCore.DeepSeek", "src\Modules\CrestApps.OrchardCore.DeepSeek\CrestApps.OrchardCore.DeepSeek.csproj", "{F8078180-9D56-46CF-9914-E78CA5EB1CFF}"
EndProject
Project("{FAE04EC0-301F-11D3-BF4B-00C04F79EFBC}") = "CrestApps.Aspire.AppHost", "src\Startup\CrestApps.Aspire.AppHost\CrestApps.Aspire.AppHost.csproj", "{8125DD99-54A3-4F6D-8FFF-E7F121F9A36F}"
EndProject
Project("{FAE04EC0-301F-11D3-BF4B-00C04F79EFBC}") = "CrestApps.OrchardCore.OpenAI.Azure", "src\Modules\CrestApps.OrchardCore.OpenAI.Azure\CrestApps.OrchardCore.OpenAI.Azure.csproj", "{A150B068-E1A5-46BA-B77F-72A5013ABC29}"
EndProject
Project("{FAE04EC0-301F-11D3-BF4B-00C04F79EFBC}") = "CrestApps.OrchardCore.AzureAIInference", "src\Modules\CrestApps.OrchardCore.AzureAIInference\CrestApps.OrchardCore.AzureAIInference.csproj", "{0A5DE869-61E1-4AF8-A083-F1A313558F78}"
EndProject
Project("{FAE04EC0-301F-11D3-BF4B-00C04F79EFBC}") = "CrestApps.OrchardCore.Ollama", "src\Modules\CrestApps.OrchardCore.Ollama\CrestApps.OrchardCore.Ollama.csproj", "{00A868B3-8906-45D9-A841-AC96FD9DEAAF}"
EndProject
Project("{FAE04EC0-301F-11D3-BF4B-00C04F79EFBC}") = "CrestApps.OrchardCore.SignalR", "src\Modules\CrestApps.OrchardCore.SignalR\CrestApps.OrchardCore.SignalR.csproj", "{1564CFE5-670A-4402-A0F6-32F7866CAE9E}"
EndProject
Project("{FAE04EC0-301F-11D3-BF4B-00C04F79EFBC}") = "CrestApps.OrchardCore.SignalR.Core", "src\Core\CrestApps.OrchardCore.SignalR.Core\CrestApps.OrchardCore.SignalR.Core.csproj", "{440C1244-CC38-485B-98EE-D1329F5BC7BA}"
EndProject
Project("{FAE04EC0-301F-11D3-BF4B-00C04F79EFBC}") = "CrestApps.OrchardCore.AI.Chat", "src\Modules\CrestApps.OrchardCore.AI.Chat\CrestApps.OrchardCore.AI.Chat.csproj", "{53065AEB-437C-4B28-A499-3D667F86FF58}"
EndProject
Project("{2150E333-8FDC-42A3-9474-1A3956D46DE8}") = "Targets", "Targets", "{F691A110-A6F0-4CFB-AA67-6A6469457B3A}"
EndProject
Project("{FAE04EC0-301F-11D3-BF4B-00C04F79EFBC}") = "CrestApps.OrchardCore.Cms.Core.Targets", "src\Targets\CrestApps.OrchardCore.Cms.Core.Targets\CrestApps.OrchardCore.Cms.Core.Targets.csproj", "{19389C50-D06F-4A15-96CC-303A46A9D497}"
EndProject
Project("{FAE04EC0-301F-11D3-BF4B-00C04F79EFBC}") = "CrestApps.OrchardCore.Core", "src\Core\CrestApps.OrchardCore.Core\CrestApps.OrchardCore.Core.csproj", "{86FFE9F8-0E1D-475E-8E86-B38F217F141D}"
EndProject
Global
	GlobalSection(SolutionConfigurationPlatforms) = preSolution
		Debug|Any CPU = Debug|Any CPU
		Release|Any CPU = Release|Any CPU
	EndGlobalSection
	GlobalSection(ProjectConfigurationPlatforms) = postSolution
		{35268C3A-B5D3-4F40-BEF3-2920545352B4}.Debug|Any CPU.ActiveCfg = Debug|Any CPU
		{35268C3A-B5D3-4F40-BEF3-2920545352B4}.Debug|Any CPU.Build.0 = Debug|Any CPU
		{35268C3A-B5D3-4F40-BEF3-2920545352B4}.Release|Any CPU.ActiveCfg = Release|Any CPU
		{35268C3A-B5D3-4F40-BEF3-2920545352B4}.Release|Any CPU.Build.0 = Release|Any CPU
		{C6DA117A-A2D0-4638-B04B-A6A2A22074F0}.Debug|Any CPU.ActiveCfg = Debug|Any CPU
		{C6DA117A-A2D0-4638-B04B-A6A2A22074F0}.Debug|Any CPU.Build.0 = Debug|Any CPU
		{C6DA117A-A2D0-4638-B04B-A6A2A22074F0}.Release|Any CPU.ActiveCfg = Release|Any CPU
		{C6DA117A-A2D0-4638-B04B-A6A2A22074F0}.Release|Any CPU.Build.0 = Release|Any CPU
		{BDAA2694-DDA5-44FE-A7CB-3B9BBE85FD1D}.Debug|Any CPU.ActiveCfg = Debug|Any CPU
		{BDAA2694-DDA5-44FE-A7CB-3B9BBE85FD1D}.Debug|Any CPU.Build.0 = Debug|Any CPU
		{BDAA2694-DDA5-44FE-A7CB-3B9BBE85FD1D}.Release|Any CPU.ActiveCfg = Release|Any CPU
		{BDAA2694-DDA5-44FE-A7CB-3B9BBE85FD1D}.Release|Any CPU.Build.0 = Release|Any CPU
		{329244F6-158D-4DA5-808F-FABDA3D995EC}.Debug|Any CPU.ActiveCfg = Debug|Any CPU
		{329244F6-158D-4DA5-808F-FABDA3D995EC}.Debug|Any CPU.Build.0 = Debug|Any CPU
		{329244F6-158D-4DA5-808F-FABDA3D995EC}.Release|Any CPU.ActiveCfg = Release|Any CPU
		{329244F6-158D-4DA5-808F-FABDA3D995EC}.Release|Any CPU.Build.0 = Release|Any CPU
		{DD1D0B6E-2671-47C8-B763-FAEF0DA5DFFA}.Debug|Any CPU.ActiveCfg = Debug|Any CPU
		{DD1D0B6E-2671-47C8-B763-FAEF0DA5DFFA}.Debug|Any CPU.Build.0 = Debug|Any CPU
		{DD1D0B6E-2671-47C8-B763-FAEF0DA5DFFA}.Release|Any CPU.ActiveCfg = Release|Any CPU
		{DD1D0B6E-2671-47C8-B763-FAEF0DA5DFFA}.Release|Any CPU.Build.0 = Release|Any CPU
		{9F0DAAAA-16BD-4CC2-A279-77387A7CFE41}.Debug|Any CPU.ActiveCfg = Debug|Any CPU
		{9F0DAAAA-16BD-4CC2-A279-77387A7CFE41}.Debug|Any CPU.Build.0 = Debug|Any CPU
		{9F0DAAAA-16BD-4CC2-A279-77387A7CFE41}.Release|Any CPU.ActiveCfg = Release|Any CPU
		{9F0DAAAA-16BD-4CC2-A279-77387A7CFE41}.Release|Any CPU.Build.0 = Release|Any CPU
		{CA041266-536F-4F0D-997C-BF64C32470EE}.Debug|Any CPU.ActiveCfg = Debug|Any CPU
		{CA041266-536F-4F0D-997C-BF64C32470EE}.Debug|Any CPU.Build.0 = Debug|Any CPU
		{CA041266-536F-4F0D-997C-BF64C32470EE}.Release|Any CPU.ActiveCfg = Release|Any CPU
		{CA041266-536F-4F0D-997C-BF64C32470EE}.Release|Any CPU.Build.0 = Release|Any CPU
		{11343335-78D8-4A0D-8132-8EAB70810741}.Debug|Any CPU.ActiveCfg = Debug|Any CPU
		{11343335-78D8-4A0D-8132-8EAB70810741}.Debug|Any CPU.Build.0 = Debug|Any CPU
		{11343335-78D8-4A0D-8132-8EAB70810741}.Release|Any CPU.ActiveCfg = Release|Any CPU
		{11343335-78D8-4A0D-8132-8EAB70810741}.Release|Any CPU.Build.0 = Release|Any CPU
		{A273AC38-86C8-4C84-9D2A-EBB11FCB2863}.Debug|Any CPU.ActiveCfg = Debug|Any CPU
		{A273AC38-86C8-4C84-9D2A-EBB11FCB2863}.Debug|Any CPU.Build.0 = Debug|Any CPU
		{A273AC38-86C8-4C84-9D2A-EBB11FCB2863}.Release|Any CPU.ActiveCfg = Release|Any CPU
		{A273AC38-86C8-4C84-9D2A-EBB11FCB2863}.Release|Any CPU.Build.0 = Release|Any CPU
		{737B1434-403D-4FAE-A9BD-0B0022A0BB53}.Debug|Any CPU.ActiveCfg = Debug|Any CPU
		{737B1434-403D-4FAE-A9BD-0B0022A0BB53}.Debug|Any CPU.Build.0 = Debug|Any CPU
		{737B1434-403D-4FAE-A9BD-0B0022A0BB53}.Release|Any CPU.ActiveCfg = Release|Any CPU
		{737B1434-403D-4FAE-A9BD-0B0022A0BB53}.Release|Any CPU.Build.0 = Release|Any CPU
		{799E24E4-B82A-4EA5-958A-87BB8E7E888B}.Debug|Any CPU.ActiveCfg = Debug|Any CPU
		{799E24E4-B82A-4EA5-958A-87BB8E7E888B}.Debug|Any CPU.Build.0 = Debug|Any CPU
		{799E24E4-B82A-4EA5-958A-87BB8E7E888B}.Release|Any CPU.ActiveCfg = Release|Any CPU
		{799E24E4-B82A-4EA5-958A-87BB8E7E888B}.Release|Any CPU.Build.0 = Release|Any CPU
		{BD101879-F6A0-42FB-BC6F-4BFD8BC1D936}.Debug|Any CPU.ActiveCfg = Debug|Any CPU
		{BD101879-F6A0-42FB-BC6F-4BFD8BC1D936}.Debug|Any CPU.Build.0 = Debug|Any CPU
		{BD101879-F6A0-42FB-BC6F-4BFD8BC1D936}.Release|Any CPU.ActiveCfg = Release|Any CPU
		{BD101879-F6A0-42FB-BC6F-4BFD8BC1D936}.Release|Any CPU.Build.0 = Release|Any CPU
		{5B3716C0-372B-4795-8961-B953667647BD}.Debug|Any CPU.ActiveCfg = Debug|Any CPU
		{5B3716C0-372B-4795-8961-B953667647BD}.Debug|Any CPU.Build.0 = Debug|Any CPU
		{5B3716C0-372B-4795-8961-B953667647BD}.Release|Any CPU.ActiveCfg = Release|Any CPU
		{5B3716C0-372B-4795-8961-B953667647BD}.Release|Any CPU.Build.0 = Release|Any CPU
		{676961EB-5AEC-412A-8993-A8F36D63E1C6}.Debug|Any CPU.ActiveCfg = Debug|Any CPU
		{676961EB-5AEC-412A-8993-A8F36D63E1C6}.Debug|Any CPU.Build.0 = Debug|Any CPU
		{676961EB-5AEC-412A-8993-A8F36D63E1C6}.Release|Any CPU.ActiveCfg = Release|Any CPU
		{676961EB-5AEC-412A-8993-A8F36D63E1C6}.Release|Any CPU.Build.0 = Release|Any CPU
		{F8078180-9D56-46CF-9914-E78CA5EB1CFF}.Debug|Any CPU.ActiveCfg = Debug|Any CPU
		{F8078180-9D56-46CF-9914-E78CA5EB1CFF}.Debug|Any CPU.Build.0 = Debug|Any CPU
		{F8078180-9D56-46CF-9914-E78CA5EB1CFF}.Release|Any CPU.ActiveCfg = Release|Any CPU
		{F8078180-9D56-46CF-9914-E78CA5EB1CFF}.Release|Any CPU.Build.0 = Release|Any CPU
		{8125DD99-54A3-4F6D-8FFF-E7F121F9A36F}.Debug|Any CPU.ActiveCfg = Debug|Any CPU
		{8125DD99-54A3-4F6D-8FFF-E7F121F9A36F}.Debug|Any CPU.Build.0 = Debug|Any CPU
		{8125DD99-54A3-4F6D-8FFF-E7F121F9A36F}.Release|Any CPU.ActiveCfg = Release|Any CPU
		{8125DD99-54A3-4F6D-8FFF-E7F121F9A36F}.Release|Any CPU.Build.0 = Release|Any CPU
		{A150B068-E1A5-46BA-B77F-72A5013ABC29}.Debug|Any CPU.ActiveCfg = Debug|Any CPU
		{A150B068-E1A5-46BA-B77F-72A5013ABC29}.Debug|Any CPU.Build.0 = Debug|Any CPU
		{A150B068-E1A5-46BA-B77F-72A5013ABC29}.Release|Any CPU.ActiveCfg = Release|Any CPU
		{A150B068-E1A5-46BA-B77F-72A5013ABC29}.Release|Any CPU.Build.0 = Release|Any CPU
		{0A5DE869-61E1-4AF8-A083-F1A313558F78}.Debug|Any CPU.ActiveCfg = Debug|Any CPU
		{0A5DE869-61E1-4AF8-A083-F1A313558F78}.Debug|Any CPU.Build.0 = Debug|Any CPU
		{0A5DE869-61E1-4AF8-A083-F1A313558F78}.Release|Any CPU.ActiveCfg = Release|Any CPU
		{0A5DE869-61E1-4AF8-A083-F1A313558F78}.Release|Any CPU.Build.0 = Release|Any CPU
		{00A868B3-8906-45D9-A841-AC96FD9DEAAF}.Debug|Any CPU.ActiveCfg = Debug|Any CPU
		{00A868B3-8906-45D9-A841-AC96FD9DEAAF}.Debug|Any CPU.Build.0 = Debug|Any CPU
		{00A868B3-8906-45D9-A841-AC96FD9DEAAF}.Release|Any CPU.ActiveCfg = Release|Any CPU
		{00A868B3-8906-45D9-A841-AC96FD9DEAAF}.Release|Any CPU.Build.0 = Release|Any CPU
		{1564CFE5-670A-4402-A0F6-32F7866CAE9E}.Debug|Any CPU.ActiveCfg = Debug|Any CPU
		{1564CFE5-670A-4402-A0F6-32F7866CAE9E}.Debug|Any CPU.Build.0 = Debug|Any CPU
		{1564CFE5-670A-4402-A0F6-32F7866CAE9E}.Release|Any CPU.ActiveCfg = Release|Any CPU
		{1564CFE5-670A-4402-A0F6-32F7866CAE9E}.Release|Any CPU.Build.0 = Release|Any CPU
		{440C1244-CC38-485B-98EE-D1329F5BC7BA}.Debug|Any CPU.ActiveCfg = Debug|Any CPU
		{440C1244-CC38-485B-98EE-D1329F5BC7BA}.Debug|Any CPU.Build.0 = Debug|Any CPU
		{440C1244-CC38-485B-98EE-D1329F5BC7BA}.Release|Any CPU.ActiveCfg = Release|Any CPU
		{440C1244-CC38-485B-98EE-D1329F5BC7BA}.Release|Any CPU.Build.0 = Release|Any CPU
		{53065AEB-437C-4B28-A499-3D667F86FF58}.Debug|Any CPU.ActiveCfg = Debug|Any CPU
		{53065AEB-437C-4B28-A499-3D667F86FF58}.Debug|Any CPU.Build.0 = Debug|Any CPU
		{53065AEB-437C-4B28-A499-3D667F86FF58}.Release|Any CPU.ActiveCfg = Release|Any CPU
		{53065AEB-437C-4B28-A499-3D667F86FF58}.Release|Any CPU.Build.0 = Release|Any CPU
		{19389C50-D06F-4A15-96CC-303A46A9D497}.Debug|Any CPU.ActiveCfg = Debug|Any CPU
		{19389C50-D06F-4A15-96CC-303A46A9D497}.Debug|Any CPU.Build.0 = Debug|Any CPU
		{19389C50-D06F-4A15-96CC-303A46A9D497}.Release|Any CPU.ActiveCfg = Release|Any CPU
		{19389C50-D06F-4A15-96CC-303A46A9D497}.Release|Any CPU.Build.0 = Release|Any CPU
		{86FFE9F8-0E1D-475E-8E86-B38F217F141D}.Debug|Any CPU.ActiveCfg = Debug|Any CPU
		{86FFE9F8-0E1D-475E-8E86-B38F217F141D}.Debug|Any CPU.Build.0 = Debug|Any CPU
		{86FFE9F8-0E1D-475E-8E86-B38F217F141D}.Release|Any CPU.ActiveCfg = Release|Any CPU
		{86FFE9F8-0E1D-475E-8E86-B38F217F141D}.Release|Any CPU.Build.0 = Release|Any CPU
	EndGlobalSection
	GlobalSection(SolutionProperties) = preSolution
		HideSolutionNode = FALSE
	EndGlobalSection
	GlobalSection(NestedProjects) = preSolution
		{35268C3A-B5D3-4F40-BEF3-2920545352B4} = {EC2B9CAB-56C8-4421-ACA2-43C09B71DAB5}
		{C6DA117A-A2D0-4638-B04B-A6A2A22074F0} = {03CAC866-6125-4A34-B0F6-834A20F7C06B}
		{BDAA2694-DDA5-44FE-A7CB-3B9BBE85FD1D} = {C8D22F16-3D2B-4053-B0D5-A1F5EA5A91C2}
		{329244F6-158D-4DA5-808F-FABDA3D995EC} = {E1A83286-9EE7-4E59-BF2E-883101BAF88C}
		{DD1D0B6E-2671-47C8-B763-FAEF0DA5DFFA} = {447572DA-8B6F-49E6-84C9-28FFF3B71CF5}
		{9F0DAAAA-16BD-4CC2-A279-77387A7CFE41} = {94189A7B-38B7-4331-B711-E5DCCEAFE737}
		{CA041266-536F-4F0D-997C-BF64C32470EE} = {94189A7B-38B7-4331-B711-E5DCCEAFE737}
		{11343335-78D8-4A0D-8132-8EAB70810741} = {EC2B9CAB-56C8-4421-ACA2-43C09B71DAB5}
		{A273AC38-86C8-4C84-9D2A-EBB11FCB2863} = {EC2B9CAB-56C8-4421-ACA2-43C09B71DAB5}
		{737B1434-403D-4FAE-A9BD-0B0022A0BB53} = {C8D22F16-3D2B-4053-B0D5-A1F5EA5A91C2}
		{799E24E4-B82A-4EA5-958A-87BB8E7E888B} = {C8D22F16-3D2B-4053-B0D5-A1F5EA5A91C2}
		{BD101879-F6A0-42FB-BC6F-4BFD8BC1D936} = {94189A7B-38B7-4331-B711-E5DCCEAFE737}
		{5B3716C0-372B-4795-8961-B953667647BD} = {EC2B9CAB-56C8-4421-ACA2-43C09B71DAB5}
		{676961EB-5AEC-412A-8993-A8F36D63E1C6} = {C8D22F16-3D2B-4053-B0D5-A1F5EA5A91C2}
		{F8078180-9D56-46CF-9914-E78CA5EB1CFF} = {C8D22F16-3D2B-4053-B0D5-A1F5EA5A91C2}
		{8125DD99-54A3-4F6D-8FFF-E7F121F9A36F} = {447572DA-8B6F-49E6-84C9-28FFF3B71CF5}
		{A150B068-E1A5-46BA-B77F-72A5013ABC29} = {C8D22F16-3D2B-4053-B0D5-A1F5EA5A91C2}
		{0A5DE869-61E1-4AF8-A083-F1A313558F78} = {C8D22F16-3D2B-4053-B0D5-A1F5EA5A91C2}
		{00A868B3-8906-45D9-A841-AC96FD9DEAAF} = {C8D22F16-3D2B-4053-B0D5-A1F5EA5A91C2}
		{1564CFE5-670A-4402-A0F6-32F7866CAE9E} = {C8D22F16-3D2B-4053-B0D5-A1F5EA5A91C2}
		{440C1244-CC38-485B-98EE-D1329F5BC7BA} = {EC2B9CAB-56C8-4421-ACA2-43C09B71DAB5}
		{53065AEB-437C-4B28-A499-3D667F86FF58} = {C8D22F16-3D2B-4053-B0D5-A1F5EA5A91C2}
		{19389C50-D06F-4A15-96CC-303A46A9D497} = {F691A110-A6F0-4CFB-AA67-6A6469457B3A}
		{86FFE9F8-0E1D-475E-8E86-B38F217F141D} = {EC2B9CAB-56C8-4421-ACA2-43C09B71DAB5}
	EndGlobalSection
	GlobalSection(ExtensibilityGlobals) = postSolution
		SolutionGuid = {0E9F9B00-7078-4EA8-87A9-0B2E74375F1E}
	EndGlobalSection
EndGlobal
