{
  "name": "crestapps.orchardcore.content-fields",
  "lockfileVersion": 3,
  "requires": true,
  "packages": {
    "": {
      "name": "crestapps.orchardcore.content-fields",
      "dependencies": {
        "intl-tel-input": "25.12.4"
      }
    },
    "node_modules/intl-tel-input": {
      "version": "25.12.4",
      "resolved": "https://registry.npmjs.org/intl-tel-input/-/intl-tel-input-25.12.4.tgz",
      "integrity": "sha512-IpS4wlKFAXeJd3lO9ALGfjEwzCLAuxsGozG9olCq08whXfTML1c8iD41TVXhWM0OaGFasRnjPjHmxNmsGdJ+VA==",
      "license": "MIT"
    }
  }
}
