{
  "name": "crestapps.orchardcore.ai.chat",
  "version": "1.0.0",
  "lockfileVersion": 3,
  "requires": true,
  "packages": {
    "": {
      "name": "crestapps.orchardcore.ai.chat",
      "version": "1.0.0",
      "license": "ISC",
      "dependencies": {
        "@crestapps/ai-chat-ui": "1.0.0-preview.34"
      }
    },
    "node_modules/@crestapps/ai-chat-ui": {
      "version": "1.0.0-preview.34",
      "resolved": "https://registry.npmjs.org/@crestapps/ai-chat-ui/-/ai-chat-ui-1.0.0-preview.34.tgz",
      "integrity": "sha512-U1md3swEALS93qr4eP1af2/wxBBZqIjh6p9kxGSPw401ZxK5wyPN76WE5MDknCwIabgGEpjiJqf7FDYwkSFryQ==",
      "license": "MIT",
      "peerDependencies": {
        "chart.js": ">=3.0.0"
      },
      "peerDependenciesMeta": {
        "chart.js": {
          "optional": true
        }
      }
    }
  }
}
