{
  "name": "crestapps.orchardcore.ai.chat",
  "version": "1.0.0",
  "lockfileVersion": 3,
  "requires": true,
  "packages": {
    "": {
      "name": "crestapps.orchardcore.ai.chat",
      "version": "1.0.0",
      "license": "ISC",
      "dependencies": {
        "@crestapps/ai-chat-ui": "1.0.0-rc.2"
      }
    },
    "node_modules/@crestapps/ai-chat-ui": {
      "version": "1.0.0-rc.2",
      "resolved": "https://registry.npmjs.org/@crestapps/ai-chat-ui/-/ai-chat-ui-1.0.0-rc.2.tgz",
      "integrity": "sha512-yH532wGK3ikoC0jAsgGTlzzNNFVxr6BP3epnd3y1PkSMqVavq6vC7JXj3uBWAg1LfBW/klTLAz/6Vkaw7m1iMQ==",
      "license": "MIT",
      "peerDependencies": {
        "chart.js": ">=3.0.0"
      },
      "peerDependenciesMeta": {
        "chart.js": {
          "optional": true
        }
      }
    }
  }
}
