{
  "name": "crestapps.orchardcore.ai.chat",
  "version": "1.0.0",
  "lockfileVersion": 3,
  "requires": true,
  "packages": {
    "": {
      "name": "crestapps.orchardcore.ai.chat",
      "version": "1.0.0",
      "license": "ISC",
      "dependencies": {
        "@crestapps/ai-chat-ui": "1.0.0-preview.20"
      }
    },
    "node_modules/@crestapps/ai-chat-ui": {
      "version": "1.0.0-preview.20",
      "resolved": "https://registry.npmjs.org/@crestapps/ai-chat-ui/-/ai-chat-ui-1.0.0-preview.20.tgz",
      "integrity": "sha512-Ph1keN7ScurX7EevGtzUpCG4MjK2J5gSVOdgd7Dhv1YAW7ynjnYzmtX7QqiIzLTBHfACP6hJ5iOV38mA3XqPBw==",
      "license": "MIT",
      "peerDependencies": {
        "chart.js": ">=3.0.0"
      },
      "peerDependenciesMeta": {
        "chart.js": {
          "optional": true
        }
      }
    }
  }
}
